
Microsoft Visual Studio Solution File, Format Version 12.00
# Visual Studio Version 16
VisualStudioVersion = 16.0.29025.244
MinimumVisualStudioVersion = 10.0.40219.1
Project("{9A19103F-16F7-4668-BE54-9A1E7A4F7556}") = "DG.PotterKata", "src\DG.PotterKata.csproj", "{8DE7C886-FB14-4EE5-9CD6-665631077998}"
EndProject
Project("{FAE04EC0-301F-11D3-BF4B-00C04F79EFBC}") = "DG.PotterKata.Tests", "tests\DG.PotterKata.Tests\DG.PotterKata.Tests.csproj", "{6C2833E9-2C4D-439C-AE74-42BEC5D2F341}"
EndProject
Global
	GlobalSection(SolutionConfigurationPlatforms) = preSolution
		Debug|Any CPU = Debug|Any CPU
		Release|Any CPU = Release|Any CPU
	EndGlobalSection
	GlobalSection(ProjectConfigurationPlatforms) = postSolution
		{8DE7C886-FB14-4EE5-9CD6-665631077998}.Debug|Any CPU.ActiveCfg = Debug|Any CPU
		{8DE7C886-FB14-4EE5-9CD6-665631077998}.Debug|Any CPU.Build.0 = Debug|Any CPU
		{8DE7C886-FB14-4EE5-9CD6-665631077998}.Release|Any CPU.ActiveCfg = Release|Any CPU
		{8DE7C886-FB14-4EE5-9CD6-665631077998}.Release|Any CPU.Build.0 = Release|Any CPU
		{6C2833E9-2C4D-439C-AE74-42BEC5D2F341}.Debug|Any CPU.ActiveCfg = Debug|Any CPU
		{6C2833E9-2C4D-439C-AE74-42BEC5D2F341}.Debug|Any CPU.Build.0 = Debug|Any CPU
		{6C2833E9-2C4D-439C-AE74-42BEC5D2F341}.Release|Any CPU.ActiveCfg = Release|Any CPU
		{6C2833E9-2C4D-439C-AE74-42BEC5D2F341}.Release|Any CPU.Build.0 = Release|Any CPU
	EndGlobalSection
	GlobalSection(SolutionProperties) = preSolution
		HideSolutionNode = FALSE
	EndGlobalSection
	GlobalSection(ExtensibilityGlobals) = postSolution
		SolutionGuid = {EE1684A3-263B-420B-A072-8FE840AEC84F}
	EndGlobalSection
EndGlobal
